
Microsoft Visual Studio Solution File, Format Version 12.00
# Visual Studio Version 17
VisualStudioVersion = 17.5.33424.131
MinimumVisualStudioVersion = 10.0.40219.1
Project("{FAE04EC0-301F-11D3-BF4B-00C04F79EFBC}") = "Birds Mangmeant", "Birds Mangmeant.csproj", "{B3879D81-802F-4324-8AE6-8F1DA36A7D9F}"
EndProject
Global
	GlobalSection(SolutionConfigurationPlatforms) = preSolution
		Debug|Any CPU = Debug|Any CPU
		Release|Any CPU = Release|Any CPU
	EndGlobalSection
	GlobalSection(ProjectConfigurationPlatforms) = postSolution
		{B3879D81-802F-4324-8AE6-8F1DA36A7D9F}.Debug|Any CPU.ActiveCfg = Debug|Any CPU
		{B3879D81-802F-4324-8AE6-8F1DA36A7D9F}.Debug|Any CPU.Build.0 = Debug|Any CPU
		{B3879D81-802F-4324-8AE6-8F1DA36A7D9F}.Release|Any CPU.ActiveCfg = Release|Any CPU
		{B3879D81-802F-4324-8AE6-8F1DA36A7D9F}.Release|Any CPU.Build.0 = Release|Any CPU
	EndGlobalSection
	GlobalSection(SolutionProperties) = preSolution
		HideSolutionNode = FALSE
	EndGlobalSection
	GlobalSection(ExtensibilityGlobals) = postSolution
		SolutionGuid = {B32ED7F5-12FC-4CBC-9FA2-94A5FFD888FE}
	EndGlobalSection
EndGlobal
